
Microsoft Visual Studio Solution File, Format Version 10.00
# Visual C++ Express 2008
Project("{8BC9CEB8-8B4A-11D0-8D11-00A0C91BC942}") = "matrix", "matrix\matrix.vcproj", "{DE78F2E5-0D52-4EBD-A554-9B7F9485ADB7}"
EndProject
Global
	GlobalSection(SolutionConfigurationPlatforms) = preSolution
		Debug|Win32 = Debug|Win32
		Release|Win32 = Release|Win32
	EndGlobalSection
	GlobalSection(ProjectConfigurationPlatforms) = postSolution
		{DE78F2E5-0D52-4EBD-A554-9B7F9485ADB7}.Debug|Win32.ActiveCfg = Debug|Win32
		{DE78F2E5-0D52-4EBD-A554-9B7F9485ADB7}.Debug|Win32.Build.0 = Debug|Win32
		{DE78F2E5-0D52-4EBD-A554-9B7F9485ADB7}.Release|Win32.ActiveCfg = Release|Win32
		{DE78F2E5-0D52-4EBD-A554-9B7F9485ADB7}.Release|Win32.Build.0 = Release|Win32
	EndGlobalSection
	GlobalSection(SolutionProperties) = preSolution
		HideSolutionNode = FALSE
	EndGlobalSection
EndGlobal
